
Microsoft Visual Studio Solution File, Format Version 12.00
# Visual Studio Version 16
VisualStudioVersion = 16.0.28803.352
MinimumVisualStudioVersion = 10.0.40219.1
Project("{2150E333-8FDC-42A3-9474-1A3956D46DE8}") = "Solution Items", "Solution Items", "{8883E9E3-3AD3-4EDA-BF2E-634BACEA4BDA}"
	ProjectSection(SolutionItems) = preProject
		.editorconfig = .editorconfig
		.gitignore = .gitignore
		Directory.Build.props = Directory.Build.props
		Directory.Build.targets = Directory.Build.targets
		README.md = README.md
		Smart.Data.Accessor.nuspec = Smart.Data.Accessor.nuspec
		Smart.Data.Accessor.ruleset = Smart.Data.Accessor.ruleset
		Smart.Data.Accessor.sln.DotSettings = Smart.Data.Accessor.sln.DotSettings
	EndProjectSection
EndProject
Project("{9A19103F-16F7-4668-BE54-9A1E7A4F7556}") = "Smart.Data.Accessor", "Smart.Data.Accessor\Smart.Data.Accessor.csproj", "{BC856947-933A-4671-B678-9FE2806BBC8D}"
EndProject
Global
	GlobalSection(SolutionConfigurationPlatforms) = preSolution
		Debug|Any CPU = Debug|Any CPU
		Release|Any CPU = Release|Any CPU
	EndGlobalSection
	GlobalSection(ProjectConfigurationPlatforms) = postSolution
		{BC856947-933A-4671-B678-9FE2806BBC8D}.Debug|Any CPU.ActiveCfg = Debug|Any CPU
		{BC856947-933A-4671-B678-9FE2806BBC8D}.Debug|Any CPU.Build.0 = Debug|Any CPU
		{BC856947-933A-4671-B678-9FE2806BBC8D}.Release|Any CPU.ActiveCfg = Release|Any CPU
		{BC856947-933A-4671-B678-9FE2806BBC8D}.Release|Any CPU.Build.0 = Release|Any CPU
	EndGlobalSection
	GlobalSection(SolutionProperties) = preSolution
		HideSolutionNode = FALSE
	EndGlobalSection
	GlobalSection(ExtensibilityGlobals) = postSolution
		SolutionGuid = {B1CAE6C1-48F0-4837-AD3C-0EF1261C2BDA}
	EndGlobalSection
EndGlobal
