<Solution>
  <Folder Name="/Library/Builder/">
    <Project Path="Smart.Data.Accessor.Builders.MySql.Generator/Smart.Data.Accessor.Builders.MySql.Generator.csproj" />
    <Project Path="Smart.Data.Accessor.Builders.MySql/Smart.Data.Accessor.Builders.MySql.csproj" />
    <Project Path="Smart.Data.Accessor.Builders.Postgres.Generator/Smart.Data.Accessor.Builders.Postgres.Generator.csproj" />
    <Project Path="Smart.Data.Accessor.Builders.Postgres/Smart.Data.Accessor.Builders.Postgres.csproj" />
    <Project Path="Smart.Data.Accessor.Builders.SqlServer.Generator/Smart.Data.Accessor.Builders.SqlServer.Generator.csproj" />
    <Project Path="Smart.Data.Accessor.Builders.SqlServer/Smart.Data.Accessor.Builders.SqlServer.csproj" />
  </Folder>
  <Folder Name="/Library/Core/">
    <Project Path="Smart.Data.Accessor.Generator/Smart.Data.Accessor.Generator.csproj" />
    <Project Path="Smart.Data.Accessor/Smart.Data.Accessor.csproj" />
  </Folder>
  <Folder Name="/Library/DependencyInjection/">
    <Project Path="Smart.Data.Accessor.Extensions.DependencyInjection/Smart.Data.Accessor.Extensions.DependencyInjection.csproj" />
    <Project Path="Smart.Data.Accessor.Resolver/Smart.Data.Accessor.Resolver.csproj" />
  </Folder>
  <Folder Name="/Solution Items/">
    <File Path=".editorconfig" />
    <File Path=".gitattributes" />
    <File Path=".gitignore" />
    <File Path="AGENTS.md" />
    <File Path="Analyzers.ruleset" />
    <File Path="CLAUDE.md" />
    <File Path="CodeCoverage.runsettings" />
    <File Path="Directory.Build.props" />
    <File Path="Directory.Build.targets" />
    <File Path="LICENSE" />
    <File Path="README.md" />
    <File Path="Smart.Data.Accessor.sln.DotSettings" />
    <File Path="Smart.Data.Accessor.targets" />
    <File Path="test.runsettings" />
  </Folder>
  <Folder Name="/Library/" />
  <Folder Name="/Test/">
    <Project Path="Smart.Data.Accessor.Generator.Tests/Smart.Data.Accessor.Generator.Tests.csproj" />
    <Project Path="Smart.Data.Accessor.Tests/Smart.Data.Accessor.Tests.csproj" />
    <Project Path="Smart.Data.Accessor.AotTests/Smart.Data.Accessor.AotTests.csproj" />
  </Folder>
  <Folder Name="/Benchmark/">
    <Project Path="Smart.Data.Accessor.Benchmark/Smart.Data.Accessor.Benchmark.csproj" />
  </Folder>
  <Folder Name="/Example/">
    <Project Path="Example.ConsoleApplication/Example.ConsoleApplication.csproj" />
    <Project Path="Example.WebApplication/Example.WebApplication.csproj" />
    <Project Path="Example.WebApplication2/Example.WebApplication2.csproj" />
  </Folder>
</Solution>
