<Solution>
  <Folder Name="/Solution Items/">
    <File Path=".editorconfig" />
    <File Path=".gitattributes" />
    <File Path=".gitignore" />
    <File Path="AGENTS.md" />
    <File Path="Analyzers.ruleset" />
    <File Path="CLAUDE.md" />
    <File Path="CodeCoverage.runsettings" />
    <File Path="Directory.Build.props" />
    <File Path="Directory.Build.targets" />
    <File Path="LICENSE" />
    <File Path="README.md" />
    <File Path="Smart.Data.Accessor.sln.DotSettings" />
    <File Path="test.runsettings" />
  </Folder>
  <Folder Name="/Library/">
  </Folder>
  <Folder Name="/Test/">
  </Folder>
  <Folder Name="/Benchmark/">
  </Folder>
  <Folder Name="/Example/">
  </Folder>
</Solution>
