
Microsoft Visual Studio Solution File, Format Version 12.00
# Visual Studio Version 16
VisualStudioVersion = 16.0.28803.352
MinimumVisualStudioVersion = 10.0.40219.1
Project("{2150E333-8FDC-42A3-9474-1A3956D46DE8}") = "Solution Items", "Solution Items", "{8883E9E3-3AD3-4EDA-BF2E-634BACEA4BDA}"
	ProjectSection(SolutionItems) = preProject
		.editorconfig = .editorconfig
		.gitignore = .gitignore
		Directory.Build.props = Directory.Build.props
		Directory.Build.targets = Directory.Build.targets
		README.md = README.md
		Smart.Data.Accessor.ruleset = Smart.Data.Accessor.ruleset
		WorkGenerator.sln.DotSettings = WorkGenerator.sln.DotSettings
	EndProjectSection
EndProject
Project("{9A19103F-16F7-4668-BE54-9A1E7A4F7556}") = "Smart.Data.Accessor", "Smart.Data.Accessor\Smart.Data.Accessor.csproj", "{BC856947-933A-4671-B678-9FE2806BBC8D}"
EndProject
Project("{9A19103F-16F7-4668-BE54-9A1E7A4F7556}") = "Smart.Data.Accessor.Generator.Core", "Smart.Data.Accessor.Generator.Core\Smart.Data.Accessor.Generator.Core.csproj", "{5DF146EC-7C5D-4BCC-AC5A-204D109F1181}"
EndProject
Project("{9A19103F-16F7-4668-BE54-9A1E7A4F7556}") = "Smart.Data.Accessor.Generator.Tools", "Smart.Data.Accessor.Generator.Tools\Smart.Data.Accessor.Generator.Tools.csproj", "{634ACEBE-14B8-4855-AAD5-6FF45694A5C7}"
EndProject
Project("{9A19103F-16F7-4668-BE54-9A1E7A4F7556}") = "Target", "Target\Target.csproj", "{139A14BB-BF54-46D6-9706-2EB09D3C3D4B}"
EndProject
Project("{FAE04EC0-301F-11D3-BF4B-00C04F79EFBC}") = "Target.Client", "Target.Client\Target.Client.csproj", "{6E038A34-EB94-4FCF-92DC-2A32661E040B}"
EndProject
Global
	GlobalSection(SolutionConfigurationPlatforms) = preSolution
		Debug|Any CPU = Debug|Any CPU
		Release|Any CPU = Release|Any CPU
	EndGlobalSection
	GlobalSection(ProjectConfigurationPlatforms) = postSolution
		{BC856947-933A-4671-B678-9FE2806BBC8D}.Debug|Any CPU.ActiveCfg = Debug|Any CPU
		{BC856947-933A-4671-B678-9FE2806BBC8D}.Debug|Any CPU.Build.0 = Debug|Any CPU
		{BC856947-933A-4671-B678-9FE2806BBC8D}.Release|Any CPU.ActiveCfg = Release|Any CPU
		{BC856947-933A-4671-B678-9FE2806BBC8D}.Release|Any CPU.Build.0 = Release|Any CPU
		{5DF146EC-7C5D-4BCC-AC5A-204D109F1181}.Debug|Any CPU.ActiveCfg = Debug|Any CPU
		{5DF146EC-7C5D-4BCC-AC5A-204D109F1181}.Debug|Any CPU.Build.0 = Debug|Any CPU
		{5DF146EC-7C5D-4BCC-AC5A-204D109F1181}.Release|Any CPU.ActiveCfg = Release|Any CPU
		{5DF146EC-7C5D-4BCC-AC5A-204D109F1181}.Release|Any CPU.Build.0 = Release|Any CPU
		{634ACEBE-14B8-4855-AAD5-6FF45694A5C7}.Debug|Any CPU.ActiveCfg = Debug|Any CPU
		{634ACEBE-14B8-4855-AAD5-6FF45694A5C7}.Debug|Any CPU.Build.0 = Debug|Any CPU
		{634ACEBE-14B8-4855-AAD5-6FF45694A5C7}.Release|Any CPU.ActiveCfg = Release|Any CPU
		{634ACEBE-14B8-4855-AAD5-6FF45694A5C7}.Release|Any CPU.Build.0 = Release|Any CPU
		{139A14BB-BF54-46D6-9706-2EB09D3C3D4B}.Debug|Any CPU.ActiveCfg = Debug|Any CPU
		{139A14BB-BF54-46D6-9706-2EB09D3C3D4B}.Debug|Any CPU.Build.0 = Debug|Any CPU
		{139A14BB-BF54-46D6-9706-2EB09D3C3D4B}.Release|Any CPU.ActiveCfg = Release|Any CPU
		{139A14BB-BF54-46D6-9706-2EB09D3C3D4B}.Release|Any CPU.Build.0 = Release|Any CPU
		{6E038A34-EB94-4FCF-92DC-2A32661E040B}.Debug|Any CPU.ActiveCfg = Debug|Any CPU
		{6E038A34-EB94-4FCF-92DC-2A32661E040B}.Debug|Any CPU.Build.0 = Debug|Any CPU
		{6E038A34-EB94-4FCF-92DC-2A32661E040B}.Release|Any CPU.ActiveCfg = Release|Any CPU
		{6E038A34-EB94-4FCF-92DC-2A32661E040B}.Release|Any CPU.Build.0 = Release|Any CPU
	EndGlobalSection
	GlobalSection(SolutionProperties) = preSolution
		HideSolutionNode = FALSE
	EndGlobalSection
	GlobalSection(ExtensibilityGlobals) = postSolution
		SolutionGuid = {B1CAE6C1-48F0-4837-AD3C-0EF1261C2BDA}
	EndGlobalSection
EndGlobal
